
Microsoft Visual Studio Solution File, Format Version 12.00
# Visual Studio Version 16
VisualStudioVersion = 16.0.31205.134
MinimumVisualStudioVersion = 10.0.40219.1
Project("{9A19103F-16F7-4668-BE54-9A1E7A4F7556}") = "EAD2APIRepeat", "EAD2APIRepeat\EAD2APIRepeat.csproj", "{38C35C58-A19F-4FB5-BA0E-EE7AB275CCDF}"
EndProject
Global
	GlobalSection(SolutionConfigurationPlatforms) = preSolution
		Debug|Any CPU = Debug|Any CPU
		Release|Any CPU = Release|Any CPU
	EndGlobalSection
	GlobalSection(ProjectConfigurationPlatforms) = postSolution
		{38C35C58-A19F-4FB5-BA0E-EE7AB275CCDF}.Debug|Any CPU.ActiveCfg = Debug|Any CPU
		{38C35C58-A19F-4FB5-BA0E-EE7AB275CCDF}.Debug|Any CPU.Build.0 = Debug|Any CPU
		{38C35C58-A19F-4FB5-BA0E-EE7AB275CCDF}.Release|Any CPU.ActiveCfg = Release|Any CPU
		{38C35C58-A19F-4FB5-BA0E-EE7AB275CCDF}.Release|Any CPU.Build.0 = Release|Any CPU
	EndGlobalSection
	GlobalSection(SolutionProperties) = preSolution
		HideSolutionNode = FALSE
	EndGlobalSection
	GlobalSection(ExtensibilityGlobals) = postSolution
		SolutionGuid = {F987A5D2-EA3E-4FD5-9E97-7A0ED97BF517}
	EndGlobalSection
EndGlobal
